{
  "pins" : [
    {
      "identity" : "swift-foundation",
      "kind" : "remoteSourceControl",
      "location" : "https://github.com/s-brenner/swift-foundation",
      "state" : {
        "revision" : "eed58a2e63efb952de9cf5195b982958563de27b",
        "version" : "0.6.1"
      }
    },
    {
      "identity" : "swift-standard-library",
      "kind" : "remoteSourceControl",
      "location" : "https://github.com/s-brenner/swift-standard-library",
      "state" : {
        "revision" : "2032cf44e91a4ba02bcda23c79360eeeac8e8580",
        "version" : "0.1.1"
      }
    },
    {
      "identity" : "swift-syntax",
      "kind" : "remoteSourceControl",
      "location" : "https://github.com/apple/swift-syntax",
      "state" : {
        "revision" : "6ad4ea24b01559dde0773e3d091f1b9e36175036",
        "version" : "509.0.2"
      }
    }
  ],
  "version" : 2
}
